
Microsoft Visual Studio Solution File, Format Version 12.00
# Visual Studio Version 16
VisualStudioVersion = 16.0.30523.141
MinimumVisualStudioVersion = 10.0.40219.1
Project("{FAE04EC0-301F-11D3-BF4B-00C04F79EFBC}") = "WortexLogistics", "WortexLogistics\WortexLogistics.csproj", "{E012B655-D8FF-49D1-85A4-320FB00DAA3A}"
EndProject
Global
	GlobalSection(SolutionConfigurationPlatforms) = preSolution
		Debug|Any CPU = Debug|Any CPU
		Release|Any CPU = Release|Any CPU
	EndGlobalSection
	GlobalSection(ProjectConfigurationPlatforms) = postSolution
		{E012B655-D8FF-49D1-85A4-320FB00DAA3A}.Debug|Any CPU.ActiveCfg = Debug|Any CPU
		{E012B655-D8FF-49D1-85A4-320FB00DAA3A}.Debug|Any CPU.Build.0 = Debug|Any CPU
		{E012B655-D8FF-49D1-85A4-320FB00DAA3A}.Release|Any CPU.ActiveCfg = Release|Any CPU
		{E012B655-D8FF-49D1-85A4-320FB00DAA3A}.Release|Any CPU.Build.0 = Release|Any CPU
	EndGlobalSection
	GlobalSection(SolutionProperties) = preSolution
		HideSolutionNode = FALSE
	EndGlobalSection
	GlobalSection(ExtensibilityGlobals) = postSolution
		SolutionGuid = {CF1CDD23-176C-42DF-99A2-6A437308F7D1}
	EndGlobalSection
EndGlobal
